Microsoft Visual Studio Solution File, Format Version 12.00
# Visual Studio Version 17
VisualStudioVersion = 17.5.2.0
MinimumVisualStudioVersion = 10.0.40219.1
Project("{FAE04EC0-301F-11D3-BF4B-00C04F79EFBC}") = "ihcux-racha-ai-blazor", "ihcux-racha-ai-blazor.csproj", "{1AA32BEE-09C4-F48B-6456-2004FC5EE4FF}"
EndProject
Global
	GlobalSection(SolutionConfigurationPlatforms) = preSolution
		Debug|Any CPU = Debug|Any CPU
		Release|Any CPU = Release|Any CPU
	EndGlobalSection
	GlobalSection(ProjectConfigurationPlatforms) = postSolution
		{1AA32BEE-09C4-F48B-6456-2004FC5EE4FF}.Debug|Any CPU.ActiveCfg = Debug|Any CPU
		{1AA32BEE-09C4-F48B-6456-2004FC5EE4FF}.Debug|Any CPU.Build.0 = Debug|Any CPU
		{1AA32BEE-09C4-F48B-6456-2004FC5EE4FF}.Release|Any CPU.ActiveCfg = Release|Any CPU
		{1AA32BEE-09C4-F48B-6456-2004FC5EE4FF}.Release|Any CPU.Build.0 = Release|Any CPU
	EndGlobalSection
	GlobalSection(SolutionProperties) = preSolution
		HideSolutionNode = FALSE
	EndGlobalSection
	GlobalSection(ExtensibilityGlobals) = postSolution
		SolutionGuid = {1FBFAFE0-AE9C-4B98-AA03-EDD0B8803283}
	EndGlobalSection
EndGlobal
